
Microsoft Visual Studio Solution File, Format Version 12.00
# Visual Studio 15
VisualStudioVersion = 15.0.26430.6
MinimumVisualStudioVersion = 10.0.40219.1
Project("{FAE04EC0-301F-11D3-BF4B-00C04F79EFBC}") = "Grappachu.Apps.SolutionCloner", "Grappachu.Apps.SolutionCloner\Grappachu.Apps.SolutionCloner.csproj", "{AFDA3F47-BAA7-466D-A433-6266415AB2EF}"
EndProject
Global
	GlobalSection(SolutionConfigurationPlatforms) = preSolution
		Debug|Any CPU = Debug|Any CPU
		Release|Any CPU = Release|Any CPU
	EndGlobalSection
	GlobalSection(ProjectConfigurationPlatforms) = postSolution
		{AFDA3F47-BAA7-466D-A433-6266415AB2EF}.Debug|Any CPU.ActiveCfg = Debug|Any CPU
		{AFDA3F47-BAA7-466D-A433-6266415AB2EF}.Debug|Any CPU.Build.0 = Debug|Any CPU
		{AFDA3F47-BAA7-466D-A433-6266415AB2EF}.Release|Any CPU.ActiveCfg = Release|Any CPU
		{AFDA3F47-BAA7-466D-A433-6266415AB2EF}.Release|Any CPU.Build.0 = Release|Any CPU
	EndGlobalSection
	GlobalSection(SolutionProperties) = preSolution
		HideSolutionNode = FALSE
	EndGlobalSection
EndGlobal
